
Microsoft Visual Studio Solution File, Format Version 12.00
# Visual Studio 2013
VisualStudioVersion = 12.0.21005.1
MinimumVisualStudioVersion = 10.0.40219.1
Project("{8BC9CEB8-8B4A-11D0-8D11-00A0C91BC942}") = "150101067_project2", "150101067_project2.vcxproj", "{E6E1CB17-09A1-430D-9E1F-AA0466F41A9A}"
EndProject
Global
	GlobalSection(SolutionConfigurationPlatforms) = preSolution
		Debug|Win32 = Debug|Win32
		Release|Win32 = Release|Win32
	EndGlobalSection
	GlobalSection(ProjectConfigurationPlatforms) = postSolution
		{E6E1CB17-09A1-430D-9E1F-AA0466F41A9A}.Debug|Win32.ActiveCfg = Debug|Win32
		{E6E1CB17-09A1-430D-9E1F-AA0466F41A9A}.Debug|Win32.Build.0 = Debug|Win32
		{E6E1CB17-09A1-430D-9E1F-AA0466F41A9A}.Release|Win32.ActiveCfg = Release|Win32
		{E6E1CB17-09A1-430D-9E1F-AA0466F41A9A}.Release|Win32.Build.0 = Release|Win32
	EndGlobalSection
	GlobalSection(SolutionProperties) = preSolution
		HideSolutionNode = FALSE
	EndGlobalSection
EndGlobal
